
Microsoft Visual Studio Solution File, Format Version 12.00
# Visual Studio Version 17
VisualStudioVersion = 17.5.33627.172
MinimumVisualStudioVersion = 10.0.40219.1
Project("{FAE04EC0-301F-11D3-BF4B-00C04F79EFBC}") = "WebApp6", "WebApp6\WebApp6.csproj", "{8BDE6FBE-CA8E-487E-A869-BB259E4399AF}"
EndProject
Global
	GlobalSection(SolutionConfigurationPlatforms) = preSolution
		Debug|Any CPU = Debug|Any CPU
		Release|Any CPU = Release|Any CPU
	EndGlobalSection
	GlobalSection(ProjectConfigurationPlatforms) = postSolution
		{8BDE6FBE-CA8E-487E-A869-BB259E4399AF}.Debug|Any CPU.ActiveCfg = Debug|Any CPU
		{8BDE6FBE-CA8E-487E-A869-BB259E4399AF}.Debug|Any CPU.Build.0 = Debug|Any CPU
		{8BDE6FBE-CA8E-487E-A869-BB259E4399AF}.Release|Any CPU.ActiveCfg = Release|Any CPU
		{8BDE6FBE-CA8E-487E-A869-BB259E4399AF}.Release|Any CPU.Build.0 = Release|Any CPU
	EndGlobalSection
	GlobalSection(SolutionProperties) = preSolution
		HideSolutionNode = FALSE
	EndGlobalSection
	GlobalSection(ExtensibilityGlobals) = postSolution
		SolutionGuid = {D6A6CC8B-3822-4D5A-A51F-C3ECEF95F761}
	EndGlobalSection
EndGlobal
